<?xml version="1.0" encoding="utf-8"?>
<Project ToolsVersion="4.0" xmlns="http://schemas.microsoft.com/developer/msbuild/2003">
  <ItemGroup>
    <Filter Include="Исходные файлы">
      <UniqueIdentifier>{4FC737F1-C7A5-4376-A066-2A32D752A2FF}</UniqueIdentifier>
      <Extensions>cpp;c;cc;cxx;c++;cppm;ixx;def;odl;idl;hpj;bat;asm;asmx</Extensions>
    </Filter>
    <Filter Include="Файлы заголовков">
      <UniqueIdentifier>{93995380-89BD-4b04-88EB-625FBE52EBFB}</UniqueIdentifier>
      <Extensions>h;hh;hpp;hxx;h++;hm;inl;inc;ipp;xsd</Extensions>
    </Filter>
    <Filter Include="Файлы ресурсов">
      <UniqueIdentifier>{67DA6AB6-F800-4c08-8B7A-83BB121AAD01}</UniqueIdentifier>
      <Extensions>rc;ico;cur;bmp;dlg;rc2;rct;bin;rgs;gif;jpg;jpeg;jpe;resx;tiff;tif;png;wav;mfcribbon-ms</Extensions>
    </Filter>
    <Filter Include="include">
      <UniqueIdentifier>{22f95474-fd94-4ff5-b355-fbe7b26b1f26}</UniqueIdentifier>
    </Filter>
    <Filter Include="src">
      <UniqueIdentifier>{7ffcb318-2b2a-49d8-9def-bc657757b3ba}</UniqueIdentifier>
    </Filter>
    <Filter Include="example">
      <UniqueIdentifier>{b6592681-1656-465b-aad5-56e65aa841c0}</UniqueIdentifier>
    </Filter>
  </ItemGroup>
  <ItemGroup>
    <ClInclude Include="stdafx.h">
      <Filter>Файлы заголовков</Filter>
    </ClInclude>
    <ClInclude Include="include\Utils.h">
      <Filter>include</Filter>
    </ClInclude>
    <ClInclude Include="include\IHookModule.h">
      <Filter>include</Filter>
    </ClInclude>
    <ClInclude Include="include\MemoryEx.h">
      <Filter>include</Filter>
    </ClInclude>
    <ClInclude Include="include\SymbolResolver.h">
      <Filter>include</Filter>
    </ClInclude>
    <ClInclude Include="include\HookManager.h">
      <Filter>include</Filter>
    </ClInclude>
    <ClInclude Include="example\TestAppHook.h">
      <Filter>example</Filter>
    </ClInclude>
  </ItemGroup>
  <ItemGroup>
    <ClCompile Include="dllmain.cpp">
      <Filter>Исходные файлы</Filter>
    </ClCompile>
    <ClCompile Include="stdafx.cpp">
      <Filter>Исходные файлы</Filter>
    </ClCompile>
    <ClCompile Include="src\Utils.cpp">
      <Filter>src</Filter>
    </ClCompile>
    <ClCompile Include="src\HookTracker.cpp">
      <Filter>src</Filter>
    </ClCompile>
    <ClCompile Include="src\MemoryEx.cpp">
      <Filter>src</Filter>
    </ClCompile>
    <ClCompile Include="src\HookManager.cpp">
      <Filter>src</Filter>
    </ClCompile>
    <ClCompile Include="example\TestAppHook.cpp">
      <Filter>example</Filter>
    </ClCompile>
  </ItemGroup>
</Project>